PODS:
  - FLEX (2.4.0)
  - SnapKit (4.0.1)

DEPENDENCIES:
  - FLEX (~> 2.4.0)
  - SnapKit (~> 4.0.0)

SPEC REPOS:
  https://github.com/cocoapods/specs.git:
    - FLEX
    - SnapKit

SPEC CHECKSUMS:
  FLEX: bd1a39e55b56bb413b6f1b34b3c10a0dc44ef079
  SnapKit: 0de968a9fec17499afa29683b05d0c775b6d1c29

PODFILE CHECKSUM: 5a5637b7d1cc24adcd7612138db0c5d7b96acfac

COCOAPODS: 1.5.3
